
Microsoft Visual Studio Solution File, Format Version 12.00
# Visual Studio 14
VisualStudioVersion = 14.0.25420.1
MinimumVisualStudioVersion = 10.0.40219.1
Project("{159641D6-6404-4A2A-AE62-294DE0FE8301}") = "SSIS_SRO_Carga_DataLake", "SSIS_SRO_Carga_DataLake\SSIS_SRO_Carga_DataLake.dtproj", "{CFE4FBD6-79F5-468F-B2E1-89EA6FF76FB2}"
EndProject
Global
	GlobalSection(SolutionConfigurationPlatforms) = preSolution
		Development|Default = Development|Default
	EndGlobalSection
	GlobalSection(ProjectConfigurationPlatforms) = postSolution
		{CFE4FBD6-79F5-468F-B2E1-89EA6FF76FB2}.Development|Default.ActiveCfg = Development
		{CFE4FBD6-79F5-468F-B2E1-89EA6FF76FB2}.Development|Default.Build.0 = Development
	EndGlobalSection
	GlobalSection(SolutionProperties) = preSolution
		HideSolutionNode = FALSE
	EndGlobalSection
EndGlobal
